
Microsoft Visual Studio Solution File, Format Version 12.00
# Visual Studio 15
VisualStudioVersion = 15.0.26124.0
MinimumVisualStudioVersion = 15.0.26124.0
EndProject
Project("{FAE04EC0-301F-11D3-BF4B-00C04F79EFBC}") = "ProAgil.WebAPI", "ProAgil.WebAPI\ProAgil.WebAPI.csproj", "{72CA917F-B685-4525-8E8C-B187D83220C7}"
EndProject
Project("{FAE04EC0-301F-11D3-BF4B-00C04F79EFBC}") = "ProAgil.Repository", "ProAgil.Repository\ProAgil.Repository.csproj", "{B5CB24AC-2A3F-40E9-BABC-5F3D73EE5987}"
EndProject
Project("{FAE04EC0-301F-11D3-BF4B-00C04F79EFBC}") = "ProAgil.Domain", "ProAgil.Domain\ProAgil.Domain.csproj", "{10BDEDFB-CB05-4DFA-8C9C-568D14D8699C}"
EndProject
Global
	GlobalSection(SolutionConfigurationPlatforms) = preSolution
		Debug|Any CPU = Debug|Any CPU
		Debug|x64 = Debug|x64
		Debug|x86 = Debug|x86
		Release|Any CPU = Release|Any CPU
		Release|x64 = Release|x64
		Release|x86 = Release|x86
	EndGlobalSection
	GlobalSection(SolutionProperties) = preSolution
		HideSolutionNode = FALSE
	EndGlobalSection
	GlobalSection(ProjectConfigurationPlatforms) = postSolution
		{9266B456-D35C-445A-BEB2-B31E75FF53B7}.Debug|Any CPU.ActiveCfg = Debug|Any CPU
		{9266B456-D35C-445A-BEB2-B31E75FF53B7}.Debug|Any CPU.Build.0 = Debug|Any CPU
		{9266B456-D35C-445A-BEB2-B31E75FF53B7}.Debug|x64.ActiveCfg = Debug|Any CPU
		{9266B456-D35C-445A-BEB2-B31E75FF53B7}.Debug|x64.Build.0 = Debug|Any CPU
		{9266B456-D35C-445A-BEB2-B31E75FF53B7}.Debug|x86.ActiveCfg = Debug|Any CPU
		{9266B456-D35C-445A-BEB2-B31E75FF53B7}.Debug|x86.Build.0 = Debug|Any CPU
		{9266B456-D35C-445A-BEB2-B31E75FF53B7}.Release|Any CPU.ActiveCfg = Release|Any CPU
		{9266B456-D35C-445A-BEB2-B31E75FF53B7}.Release|Any CPU.Build.0 = Release|Any CPU
		{9266B456-D35C-445A-BEB2-B31E75FF53B7}.Release|x64.ActiveCfg = Release|Any CPU
		{9266B456-D35C-445A-BEB2-B31E75FF53B7}.Release|x64.Build.0 = Release|Any CPU
		{9266B456-D35C-445A-BEB2-B31E75FF53B7}.Release|x86.ActiveCfg = Release|Any CPU
		{9266B456-D35C-445A-BEB2-B31E75FF53B7}.Release|x86.Build.0 = Release|Any CPU
		{C3F5A551-96E9-4055-880B-BD1000BDCE77}.Debug|Any CPU.ActiveCfg = Debug|Any CPU
		{C3F5A551-96E9-4055-880B-BD1000BDCE77}.Debug|Any CPU.Build.0 = Debug|Any CPU
		{C3F5A551-96E9-4055-880B-BD1000BDCE77}.Debug|x64.ActiveCfg = Debug|Any CPU
		{C3F5A551-96E9-4055-880B-BD1000BDCE77}.Debug|x64.Build.0 = Debug|Any CPU
		{C3F5A551-96E9-4055-880B-BD1000BDCE77}.Debug|x86.ActiveCfg = Debug|Any CPU
		{C3F5A551-96E9-4055-880B-BD1000BDCE77}.Debug|x86.Build.0 = Debug|Any CPU
		{C3F5A551-96E9-4055-880B-BD1000BDCE77}.Release|Any CPU.ActiveCfg = Release|Any CPU
		{C3F5A551-96E9-4055-880B-BD1000BDCE77}.Release|Any CPU.Build.0 = Release|Any CPU
		{C3F5A551-96E9-4055-880B-BD1000BDCE77}.Release|x64.ActiveCfg = Release|Any CPU
		{C3F5A551-96E9-4055-880B-BD1000BDCE77}.Release|x64.Build.0 = Release|Any CPU
		{C3F5A551-96E9-4055-880B-BD1000BDCE77}.Release|x86.ActiveCfg = Release|Any CPU
		{C3F5A551-96E9-4055-880B-BD1000BDCE77}.Release|x86.Build.0 = Release|Any CPU
		{0EA43BF6-4128-4168-A9B5-0BF0BDCA5078}.Debug|Any CPU.ActiveCfg = Debug|Any CPU
		{0EA43BF6-4128-4168-A9B5-0BF0BDCA5078}.Debug|Any CPU.Build.0 = Debug|Any CPU
		{0EA43BF6-4128-4168-A9B5-0BF0BDCA5078}.Debug|x64.ActiveCfg = Debug|Any CPU
		{0EA43BF6-4128-4168-A9B5-0BF0BDCA5078}.Debug|x64.Build.0 = Debug|Any CPU
		{0EA43BF6-4128-4168-A9B5-0BF0BDCA5078}.Debug|x86.ActiveCfg = Debug|Any CPU
		{0EA43BF6-4128-4168-A9B5-0BF0BDCA5078}.Debug|x86.Build.0 = Debug|Any CPU
		{0EA43BF6-4128-4168-A9B5-0BF0BDCA5078}.Release|Any CPU.ActiveCfg = Release|Any CPU
		{0EA43BF6-4128-4168-A9B5-0BF0BDCA5078}.Release|Any CPU.Build.0 = Release|Any CPU
		{0EA43BF6-4128-4168-A9B5-0BF0BDCA5078}.Release|x64.ActiveCfg = Release|Any CPU
		{0EA43BF6-4128-4168-A9B5-0BF0BDCA5078}.Release|x64.Build.0 = Release|Any CPU
		{0EA43BF6-4128-4168-A9B5-0BF0BDCA5078}.Release|x86.ActiveCfg = Release|Any CPU
		{0EA43BF6-4128-4168-A9B5-0BF0BDCA5078}.Release|x86.Build.0 = Release|Any CPU
		{72CA917F-B685-4525-8E8C-B187D83220C7}.Debug|Any CPU.ActiveCfg = Debug|Any CPU
		{72CA917F-B685-4525-8E8C-B187D83220C7}.Debug|Any CPU.Build.0 = Debug|Any CPU
		{72CA917F-B685-4525-8E8C-B187D83220C7}.Debug|x64.ActiveCfg = Debug|Any CPU
		{72CA917F-B685-4525-8E8C-B187D83220C7}.Debug|x64.Build.0 = Debug|Any CPU
		{72CA917F-B685-4525-8E8C-B187D83220C7}.Debug|x86.ActiveCfg = Debug|Any CPU
		{72CA917F-B685-4525-8E8C-B187D83220C7}.Debug|x86.Build.0 = Debug|Any CPU
		{72CA917F-B685-4525-8E8C-B187D83220C7}.Release|Any CPU.ActiveCfg = Release|Any CPU
		{72CA917F-B685-4525-8E8C-B187D83220C7}.Release|Any CPU.Build.0 = Release|Any CPU
		{72CA917F-B685-4525-8E8C-B187D83220C7}.Release|x64.ActiveCfg = Release|Any CPU
		{72CA917F-B685-4525-8E8C-B187D83220C7}.Release|x64.Build.0 = Release|Any CPU
		{72CA917F-B685-4525-8E8C-B187D83220C7}.Release|x86.ActiveCfg = Release|Any CPU
		{72CA917F-B685-4525-8E8C-B187D83220C7}.Release|x86.Build.0 = Release|Any CPU
		{B5CB24AC-2A3F-40E9-BABC-5F3D73EE5987}.Debug|Any CPU.ActiveCfg = Debug|Any CPU
		{B5CB24AC-2A3F-40E9-BABC-5F3D73EE5987}.Debug|Any CPU.Build.0 = Debug|Any CPU
		{B5CB24AC-2A3F-40E9-BABC-5F3D73EE5987}.Debug|x64.ActiveCfg = Debug|Any CPU
		{B5CB24AC-2A3F-40E9-BABC-5F3D73EE5987}.Debug|x64.Build.0 = Debug|Any CPU
		{B5CB24AC-2A3F-40E9-BABC-5F3D73EE5987}.Debug|x86.ActiveCfg = Debug|Any CPU
		{B5CB24AC-2A3F-40E9-BABC-5F3D73EE5987}.Debug|x86.Build.0 = Debug|Any CPU
		{B5CB24AC-2A3F-40E9-BABC-5F3D73EE5987}.Release|Any CPU.ActiveCfg = Release|Any CPU
		{B5CB24AC-2A3F-40E9-BABC-5F3D73EE5987}.Release|Any CPU.Build.0 = Release|Any CPU
		{B5CB24AC-2A3F-40E9-BABC-5F3D73EE5987}.Release|x64.ActiveCfg = Release|Any CPU
		{B5CB24AC-2A3F-40E9-BABC-5F3D73EE5987}.Release|x64.Build.0 = Release|Any CPU
		{B5CB24AC-2A3F-40E9-BABC-5F3D73EE5987}.Release|x86.ActiveCfg = Release|Any CPU
		{B5CB24AC-2A3F-40E9-BABC-5F3D73EE5987}.Release|x86.Build.0 = Release|Any CPU
		{10BDEDFB-CB05-4DFA-8C9C-568D14D8699C}.Debug|Any CPU.ActiveCfg = Debug|Any CPU
		{10BDEDFB-CB05-4DFA-8C9C-568D14D8699C}.Debug|Any CPU.Build.0 = Debug|Any CPU
		{10BDEDFB-CB05-4DFA-8C9C-568D14D8699C}.Debug|x64.ActiveCfg = Debug|Any CPU
		{10BDEDFB-CB05-4DFA-8C9C-568D14D8699C}.Debug|x64.Build.0 = Debug|Any CPU
		{10BDEDFB-CB05-4DFA-8C9C-568D14D8699C}.Debug|x86.ActiveCfg = Debug|Any CPU
		{10BDEDFB-CB05-4DFA-8C9C-568D14D8699C}.Debug|x86.Build.0 = Debug|Any CPU
		{10BDEDFB-CB05-4DFA-8C9C-568D14D8699C}.Release|Any CPU.ActiveCfg = Release|Any CPU
		{10BDEDFB-CB05-4DFA-8C9C-568D14D8699C}.Release|Any CPU.Build.0 = Release|Any CPU
		{10BDEDFB-CB05-4DFA-8C9C-568D14D8699C}.Release|x64.ActiveCfg = Release|Any CPU
		{10BDEDFB-CB05-4DFA-8C9C-568D14D8699C}.Release|x64.Build.0 = Release|Any CPU
		{10BDEDFB-CB05-4DFA-8C9C-568D14D8699C}.Release|x86.ActiveCfg = Release|Any CPU
		{10BDEDFB-CB05-4DFA-8C9C-568D14D8699C}.Release|x86.Build.0 = Release|Any CPU
	EndGlobalSection
EndGlobal
